// !$*UTF8*$!
{
	archiveVersion = 1;
	classes = {
	};
	objectVersion = 46;
	objects = {

/* Begin PBXBuildFile section */
		2472AF101E1C434F407DE28A /* Pods_InstagramLike.framework in Frameworks */ = {isa = PBXBuildFile; fileRef = 1EDB7B77FE21C06706F446E1 /* Pods_InstagramLike.framework */; };
		38FEDBC71DEB513200EF3DFE /* AppDelegate.swift in Sources */ = {isa = PBXBuildFile; fileRef = 38FEDBC61DEB513200EF3DFE /* AppDelegate.swift */; };
		38FEDBCC1DEB513200EF3DFE /* Main.storyboard in Resources */ = {isa = PBXBuildFile; fileRef = 38FEDBCA1DEB513200EF3DFE /* Main.storyboard */; };
		38FEDBCE1DEB513200EF3DFE /* Assets.xcassets in Resources */ = {isa = PBXBuildFile; fileRef = 38FEDBCD1DEB513200EF3DFE /* Assets.xcassets */; };
		38FEDBD11DEB513200EF3DFE /* LaunchScreen.storyboard in Resources */ = {isa = PBXBuildFile; fileRef = 38FEDBCF1DEB513200EF3DFE /* LaunchScreen.storyboard */; };
		38FEDBD91DEB51D400EF3DFE /* GoogleService-Info.plist in Resources */ = {isa = PBXBuildFile; fileRef = 38FEDBD81DEB51D400EF3DFE /* GoogleService-Info.plist */; };
		38FEDBDB1DEB549C00EF3DFE /* SignupViewController.swift in Sources */ = {isa = PBXBuildFile; fileRef = 38FEDBDA1DEB549C00EF3DFE /* SignupViewController.swift */; };
		38FEDBDD1DEB5DB800EF3DFE /* LoginViewController.swift in Sources */ = {isa = PBXBuildFile; fileRef = 38FEDBDC1DEB5DB800EF3DFE /* LoginViewController.swift */; };
/* End PBXBuildFile section */

/* Begin PBXFileReference section */
		1EDB7B77FE21C06706F446E1 /* Pods_InstagramLike.framework */ = {isa = PBXFileReference; explicitFileType = wrapper.framework; includeInIndex = 0; path = Pods_InstagramLike.framework; sourceTree = BUILT_PRODUCTS_DIR; };
		38FEDBC31DEB513200EF3DFE /* InstagramLike.app */ = {isa = PBXFileReference; explicitFileType = wrapper.application; includeInIndex = 0; path = InstagramLike.app; sourceTree = BUILT_PRODUCTS_DIR; };
		38FEDBC61DEB513200EF3DFE /* AppDelegate.swift */ = {isa = PBXFileReference; lastKnownFileType = sourcecode.swift; path = AppDelegate.swift; sourceTree = "<group>"; };
		38FEDBCB1DEB513200EF3DFE /* Base */ = {isa = PBXFileReference; lastKnownFileType = file.storyboard; name = Base; path = Base.lproj/Main.storyboard; sourceTree = "<group>"; };
		38FEDBCD1DEB513200EF3DFE /* Assets.xcassets */ = {isa = PBXFileReference; lastKnownFileType = folder.assetcatalog; path = Assets.xcassets; sourceTree = "<group>"; };
		38FEDBD01DEB513200EF3DFE /* Base */ = {isa = PBXFileReference; lastKnownFileType = file.storyboard; name = Base; path = Base.lproj/LaunchScreen.storyboard; sourceTree = "<group>"; };
		38FEDBD21DEB513200EF3DFE /* Info.plist */ = {isa = PBXFileReference; lastKnownFileType = text.plist.xml; path = Info.plist; sourceTree = "<group>"; };
		38FEDBD81DEB51D400EF3DFE /* GoogleService-Info.plist */ = {isa = PBXFileReference; fileEncoding = 4; lastKnownFileType = text.plist.xml; path = "GoogleService-Info.plist"; sourceTree = "<group>"; };
		38FEDBDA1DEB549C00EF3DFE /* SignupViewController.swift */ = {isa = PBXFileReference; fileEncoding = 4; lastKnownFileType = sourcecode.swift; path = SignupViewController.swift; sourceTree = "<group>"; };
		38FEDBDC1DEB5DB800EF3DFE /* LoginViewController.swift */ = {isa = PBXFileReference; fileEncoding = 4; lastKnownFileType = sourcecode.swift; path = LoginViewController.swift; sourceTree = "<group>"; };
		8605CC1BDB995F8DB577A7E1 /* Pods-InstagramLike.release.xcconfig */ = {isa = PBXFileReference; includeInIndex = 1; lastKnownFileType = text.xcconfig; name = "Pods-InstagramLike.release.xcconfig"; path = "Pods/Target Support Files/Pods-InstagramLike/Pods-InstagramLike.release.xcconfig"; sourceTree = "<group>"; };
		F64C7C1DA755A61220134418 /* Pods-InstagramLike.debug.xcconfig */ = {isa = PBXFileReference; includeInIndex = 1; lastKnownFileType = text.xcconfig; name = "Pods-InstagramLike.debug.xcconfig"; path = "Pods/Target Support Files/Pods-InstagramLike/Pods-InstagramLike.debug.xcconfig"; sourceTree = "<group>"; };
/* End PBXFileReference section */

/* Begin PBXFrameworksBuildPhase section */
		38FEDBC01DEB513200EF3DFE /* Frameworks */ = {
			isa = PBXFrameworksBuildPhase;
			buildActionMask = 2147483647;
			files = (
				2472AF101E1C434F407DE28A /* Pods_InstagramLike.framework in Frameworks */,
			);
			runOnlyForDeploymentPostprocessing = 0;
		};
/* End PBXFrameworksBuildPhase section */

/* Begin PBXGroup section */
		38FEDBBA1DEB513200EF3DFE = {
			isa = PBXGroup;
			children = (
				38FEDBC51DEB513200EF3DFE /* InstagramLike */,
				38FEDBC41DEB513200EF3DFE /* Products */,
				E19AFDA199BB29318405C7E7 /* Pods */,
				723D15F49C4CBF343E7826B5 /* Frameworks */,
			);
			sourceTree = "<group>";
		};
		38FEDBC41DEB513200EF3DFE /* Products */ = {
			isa = PBXGroup;
			children = (
				38FEDBC31DEB513200EF3DFE /* InstagramLike.app */,
			);
			name = Products;
			sourceTree = "<group>";
		};
		38FEDBC51DEB513200EF3DFE /* InstagramLike */ = {
			isa = PBXGroup;
			children = (
				38FEDBC61DEB513200EF3DFE /* AppDelegate.swift */,
				38FEDBCA1DEB513200EF3DFE /* Main.storyboard */,
				38FEDBCD1DEB513200EF3DFE /* Assets.xcassets */,
				38FEDBCF1DEB513200EF3DFE /* LaunchScreen.storyboard */,
				38FEDBD21DEB513200EF3DFE /* Info.plist */,
				38FEDBD81DEB51D400EF3DFE /* GoogleService-Info.plist */,
				38FEDBDA1DEB549C00EF3DFE /* SignupViewController.swift */,
				38FEDBDC1DEB5DB800EF3DFE /* LoginViewController.swift */,
			);
			path = InstagramLike;
			sourceTree = "<group>";
		};
		723D15F49C4CBF343E7826B5 /* Frameworks */ = {
			isa = PBXGroup;
			children = (
				1EDB7B77FE21C06706F446E1 /* Pods_InstagramLike.framework */,
			);
			name = Frameworks;
			sourceTree = "<group>";
		};
		E19AFDA199BB29318405C7E7 /* Pods */ = {
			isa = PBXGroup;
			children = (
				F64C7C1DA755A61220134418 /* Pods-InstagramLike.debug.xcconfig */,
				8605CC1BDB995F8DB577A7E1 /* Pods-InstagramLike.release.xcconfig */,
			);
			name = Pods;
			sourceTree = "<group>";
		};
/* End PBXGroup section */

/* Begin PBXNativeTarget section */
		38FEDBC21DEB513200EF3DFE /* InstagramLike */ = {
			isa = PBXNativeTarget;
			buildConfigurationList = 38FEDBD51DEB513200EF3DFE /* Build configuration list for PBXNativeTarget "InstagramLike" */;
			buildPhases = (
				6383B3936554840C2D4BC752 /* [CP] Check Pods Manifest.lock */,
				38FEDBBF1DEB513200EF3DFE /* Sources */,
				38FEDBC01DEB513200EF3DFE /* Frameworks */,
				38FEDBC11DEB513200EF3DFE /* Resources */,
				8038F2ADC55BFF10EDD6DC86 /* [CP] Embed Pods Frameworks */,
				E033FAEBBC314F93140B76C3 /* [CP] Copy Pods Resources */,
			);
			buildRules = (
			);
			dependencies = (
			);
			name = InstagramLike;
			productName = InstagramLike;
			productReference = 38FEDBC31DEB513200EF3DFE /* InstagramLike.app */;
			productType = "com.apple.product-type.application";
		};
/* End PBXNativeTarget section */

/* Begin PBXProject section */
		38FEDBBB1DEB513200EF3DFE /* Project object */ = {
			isa = PBXProject;
			attributes = {
				LastSwiftUpdateCheck = 0810;
				LastUpgradeCheck = 0810;
				ORGANIZATIONNAME = "Vasil Nunev";
				TargetAttributes = {
					38FEDBC21DEB513200EF3DFE = {
						CreatedOnToolsVersion = 8.1;
						DevelopmentTeam = TPWG8G6ELX;
						ProvisioningStyle = Automatic;
					};
				};
			};
			buildConfigurationList = 38FEDBBE1DEB513200EF3DFE /* Build configuration list for PBXProject "InstagramLike" */;
			compatibilityVersion = "Xcode 3.2";
			developmentRegion = English;
			hasScannedForEncodings = 0;
			knownRegions = (
				en,
				Base,
			);
			mainGroup = 38FEDBBA1DEB513200EF3DFE;
			productRefGroup = 38FEDBC41DEB513200EF3DFE /* Products */;
			projectDirPath = "";
			projectRoot = "";
			targets = (
				38FEDBC21DEB513200EF3DFE /* InstagramLike */,
			);
		};
/* End PBXProject section */

/* Begin PBXResourcesBuildPhase section */
		38FEDBC11DEB513200EF3DFE /* Resources */ = {
			isa = PBXResourcesBuildPhase;
			buildActionMask = 2147483647;
			files = (
				38FEDBD11DEB513200EF3DFE /* LaunchScreen.storyboard in Resources */,
				38FEDBCE1DEB513200EF3DFE /* Assets.xcassets in Resources */,
				38FEDBCC1DEB513200EF3DFE /* Main.storyboard in Resources */,
				38FEDBD91DEB51D400EF3DFE /* GoogleService-Info.plist in Resources */,
			);
			runOnlyForDeploymentPostprocessing = 0;
		};
/* End PBXResourcesBuildPhase section */

/* Begin PBXShellScriptBuildPhase section */
		6383B3936554840C2D4BC752 /* [CP] Check Pods Manifest.lock */ = {
			isa = PBXShellScriptBuildPhase;
			buildActionMask = 2147483647;
			files = (
			);
			inputPaths = (
			);
			name = "[CP] Check Pods Manifest.lock";
			outputPaths = (
			);
			runOnlyForDeploymentPostprocessing = 0;
			shellPath = /bin/sh;
			shellScript = "diff \"${PODS_ROOT}/../Podfile.lock\" \"${PODS_ROOT}/Manifest.lock\" > /dev/null\nif [ $? != 0 ] ; then\n    # print error to STDERR\n    echo \"error: The sandbox is not in sync with the Podfile.lock. Run 'pod install' or update your CocoaPods installation.\" >&2\n    exit 1\nfi\n";
			showEnvVarsInLog = 0;
		};
		8038F2ADC55BFF10EDD6DC86 /* [CP] Embed Pods Frameworks */ = {
			isa = PBXShellScriptBuildPhase;
			buildActionMask = 2147483647;
			files = (
			);
			inputPaths = (
			);
			name = "[CP] Embed Pods Frameworks";
			outputPaths = (
			);
			runOnlyForDeploymentPostprocessing = 0;
			shellPath = /bin/sh;
			shellScript = "\"${SRCROOT}/Pods/Target Support Files/Pods-InstagramLike/Pods-InstagramLike-frameworks.sh\"\n";
			showEnvVarsInLog = 0;
		};
		E033FAEBBC314F93140B76C3 /* [CP] Copy Pods Resources */ = {
			isa = PBXShellScriptBuildPhase;
			buildActionMask = 2147483647;
			files = (
			);
			inputPaths = (
			);
			name = "[CP] Copy Pods Resources";
			outputPaths = (
			);
			runOnlyForDeploymentPostprocessing = 0;
			shellPath = /bin/sh;
			shellScript = "\"${SRCROOT}/Pods/Target Support Files/Pods-InstagramLike/Pods-InstagramLike-resources.sh\"\n";
			showEnvVarsInLog = 0;
		};
/* End PBXShellScriptBuildPhase section */

/* Begin PBXSourcesBuildPhase section */
		38FEDBBF1DEB513200EF3DFE /* Sources */ = {
			isa = PBXSourcesBuildPhase;
			buildActionMask = 2147483647;
			files = (
				38FEDBDD1DEB5DB800EF3DFE /* LoginViewController.swift in Sources */,
				38FEDBDB1DEB549C00EF3DFE /* SignupViewController.swift in Sources */,
				38FEDBC71DEB513200EF3DFE /* AppDelegate.swift in Sources */,
			);
			runOnlyForDeploymentPostprocessing = 0;
		};
/* End PBXSourcesBuildPhase section */

/* Begin PBXVariantGroup section */
		38FEDBCA1DEB513200EF3DFE /* Main.storyboard */ = {
			isa = PBXVariantGroup;
			children = (
				38FEDBCB1DEB513200EF3DFE /* Base */,
			);
			name = Main.storyboard;
			sourceTree = "<group>";
		};
		38FEDBCF1DEB513200EF3DFE /* LaunchScreen.storyboard */ = {
			isa = PBXVariantGroup;
			children = (
				38FEDBD01DEB513200EF3DFE /* Base */,
			);
			name = LaunchScreen.storyboard;
			sourceTree = "<group>";
		};
/* End PBXVariantGroup section */

/* Begin XCBuildConfiguration section */
		38FEDBD31DEB513200EF3DFE /* Debug */ = {
			isa = XCBuildConfiguration;
			buildSettings = {
				ALWAYS_SEARCH_USER_PATHS = NO;
				CLANG_ANALYZER_NONNULL = YES;
				CLANG_CXX_LANGUAGE_STANDARD = "gnu++0x";
				CLANG_CXX_LIBRARY = "libc++";
				CLANG_ENABLE_MODULES = YES;
				CLANG_ENABLE_OBJC_ARC = YES;
				CLANG_WARN_BOOL_CONVERSION = YES;
				CLANG_WARN_CONSTANT_CONVERSION = YES;
				CLANG_WARN_DIRECT_OBJC_ISA_USAGE = YES_ERROR;
				CLANG_WARN_DOCUMENTATION_COMMENTS = YES;
				CLANG_WARN_EMPTY_BODY = YES;
				CLANG_WARN_ENUM_CONVERSION = YES;
				CLANG_WARN_INFINITE_RECURSION = YES;
				CLANG_WARN_INT_CONVERSION = YES;
				CLANG_WARN_OBJC_ROOT_CLASS = YES_ERROR;
				CLANG_WARN_SUSPICIOUS_MOVES = YES;
				CLANG_WARN_UNREACHABLE_CODE = YES;
				CLANG_WARN__DUPLICATE_METHOD_MATCH = YES;
				"CODE_SIGN_IDENTITY[sdk=iphoneos*]" = "iPhone Developer";
				COPY_PHASE_STRIP = NO;
				DEBUG_INFORMATION_FORMAT = dwarf;
				ENABLE_STRICT_OBJC_MSGSEND = YES;
				ENABLE_TESTABILITY = YES;
				GCC_C_LANGUAGE_STANDARD = gnu99;
				GCC_DYNAMIC_NO_PIC = NO;
				GCC_NO_COMMON_BLOCKS = YES;
				GCC_OPTIMIZATION_LEVEL = 0;
				GCC_PREPROCESSOR_DEFINITIONS = (
					"DEBUG=1",
					"$(inherited)",
				);
				GCC_WARN_64_TO_32_BIT_CONVERSION = YES;
				GCC_WARN_ABOUT_RETURN_TYPE = YES_ERROR;
				GCC_WARN_UNDECLARED_SELECTOR = YES;
				GCC_WARN_UNINITIALIZED_AUTOS = YES_AGGRESSIVE;
				GCC_WARN_UNUSED_FUNCTION = YES;
				GCC_WARN_UNUSED_VARIABLE = YES;
				IPHONEOS_DEPLOYMENT_TARGET = 10.1;
				MTL_ENABLE_DEBUG_INFO = YES;
				ONLY_ACTIVE_ARCH = YES;
				SDKROOT = iphoneos;
				SWIFT_ACTIVE_COMPILATION_CONDITIONS = DEBUG;
				SWIFT_OPTIMIZATION_LEVEL = "-Onone";
				TARGETED_DEVICE_FAMILY = "1,2";
			};
			name = Debug;
		};
		38FEDBD41DEB513200EF3DFE /* Release */ = {
			isa = XCBuildConfiguration;
			buildSettings = {
				ALWAYS_SEARCH_USER_PATHS = NO;
				CLANG_ANALYZER_NONNULL = YES;
				CLANG_CXX_LANGUAGE_STANDARD = "gnu++0x";
				CLANG_CXX_LIBRARY = "libc++";
				CLANG_ENABLE_MODULES = YES;
				CLANG_ENABLE_OBJC_ARC = YES;
				CLANG_WARN_BOOL_CONVERSION = YES;
				CLANG_WARN_CONSTANT_CONVERSION = YES;
				CLANG_WARN_DIRECT_OBJC_ISA_USAGE = YES_ERROR;
				CLANG_WARN_DOCUMENTATION_COMMENTS = YES;
				CLANG_WARN_EMPTY_BODY = YES;
				CLANG_WARN_ENUM_CONVERSION = YES;
				CLANG_WARN_INFINITE_RECURSION = YES;
				CLANG_WARN_INT_CONVERSION = YES;
				CLANG_WARN_OBJC_ROOT_CLASS = YES_ERROR;
				CLANG_WARN_SUSPICIOUS_MOVES = YES;
				CLANG_WARN_UNREACHABLE_CODE = YES;
				CLANG_WARN__DUPLICATE_METHOD_MATCH = YES;
				"CODE_SIGN_IDENTITY[sdk=iphoneos*]" = "iPhone Developer";
				COPY_PHASE_STRIP = NO;
				DEBUG_INFORMATION_FORMAT = "dwarf-with-dsym";
				ENABLE_NS_ASSERTIONS = NO;
				ENABLE_STRICT_OBJC_MSGSEND = YES;
				GCC_C_LANGUAGE_STANDARD = gnu99;
				GCC_NO_COMMON_BLOCKS = YES;
				GCC_WARN_64_TO_32_BIT_CONVERSION = YES;
				GCC_WARN_ABOUT_RETURN_TYPE = YES_ERROR;
				GCC_WARN_UNDECLARED_SELECTOR = YES;
				GCC_WARN_UNINITIALIZED_AUTOS = YES_AGGRESSIVE;
				GCC_WARN_UNUSED_FUNCTION = YES;
				GCC_WARN_UNUSED_VARIABLE = YES;
				IPHONEOS_DEPLOYMENT_TARGET = 10.1;
				MTL_ENABLE_DEBUG_INFO = NO;
				SDKROOT = iphoneos;
				SWIFT_OPTIMIZATION_LEVEL = "-Owholemodule";
				TARGETED_DEVICE_FAMILY = "1,2";
				VALIDATE_PRODUCT = YES;
			};
			name = Release;
		};
		38FEDBD61DEB513200EF3DFE /* Debug */ = {
			isa = XCBuildConfiguration;
			baseConfigurationReference = F64C7C1DA755A61220134418 /* Pods-InstagramLike.debug.xcconfig */;
			buildSettings = {
				ASSETCATALOG_COMPILER_APPICON_NAME = AppIcon;
				DEVELOPMENT_TEAM = TPWG8G6ELX;
				INFOPLIST_FILE = InstagramLike/Info.plist;
				LD_RUNPATH_SEARCH_PATHS = "$(inherited) @executable_path/Frameworks";
				PRODUCT_BUNDLE_IDENTIFIER = com.nunev.InstagramLike;
				PRODUCT_NAME = "$(TARGET_NAME)";
				SWIFT_VERSION = 3.0;
			};
			name = Debug;
		};
		38FEDBD71DEB513200EF3DFE /* Release */ = {
			isa = XCBuildConfiguration;
			baseConfigurationReference = 8605CC1BDB995F8DB577A7E1 /* Pods-InstagramLike.release.xcconfig */;
			buildSettings = {
				ASSETCATALOG_COMPILER_APPICON_NAME = AppIcon;
				DEVELOPMENT_TEAM = TPWG8G6ELX;
				INFOPLIST_FILE = InstagramLike/Info.plist;
				LD_RUNPATH_SEARCH_PATHS = "$(inherited) @executable_path/Frameworks";
				PRODUCT_BUNDLE_IDENTIFIER = com.nunev.InstagramLike;
				PRODUCT_NAME = "$(TARGET_NAME)";
				SWIFT_VERSION = 3.0;
			};
			name = Release;
		};
/* End XCBuildConfiguration section */

/* Begin XCConfigurationList section */
		38FEDBBE1DEB513200EF3DFE /* Build configuration list for PBXProject "InstagramLike" */ = {
			isa = XCConfigurationList;
			buildConfigurations = (
				38FEDBD31DEB513200EF3DFE /* Debug */,
				38FEDBD41DEB513200EF3DFE /* Release */,
			);
			defaultConfigurationIsVisible = 0;
			defaultConfigurationName = Release;
		};
		38FEDBD51DEB513200EF3DFE /* Build configuration list for PBXNativeTarget "InstagramLike" */ = {
			isa = XCConfigurationList;
			buildConfigurations = (
				38FEDBD61DEB513200EF3DFE /* Debug */,
				38FEDBD71DEB513200EF3DFE /* Release */,
			);
			defaultConfigurationIsVisible = 0;
			defaultConfigurationName = Release;
		};
/* End XCConfigurationList section */
	};
	rootObject = 38FEDBBB1DEB513200EF3DFE /* Project object */;
}
