// !$*UTF8*$!
{
	archiveVersion = 1;
	classes = {
	};
	objectVersion = 46;
	objects = {

/* Begin PBXBuildFile section */
		850C5AD31E5455FB007D541D /* LoginViewController.swift in Sources */ = {isa = PBXBuildFile; fileRef = 850C5AD01E5455FB007D541D /* LoginViewController.swift */; };
		850C5AD41E5455FB007D541D /* SignupViewController.swift in Sources */ = {isa = PBXBuildFile; fileRef = 850C5AD11E5455FB007D541D /* SignupViewController.swift */; };
		850C5AD51E5455FB007D541D /* UsersViewController.swift in Sources */ = {isa = PBXBuildFile; fileRef = 850C5AD21E5455FB007D541D /* UsersViewController.swift */; };
		850C5AD71E545640007D541D /* User.swift in Sources */ = {isa = PBXBuildFile; fileRef = 850C5AD61E545640007D541D /* User.swift */; };
		850C5AD91E545656007D541D /* UserCell.swift in Sources */ = {isa = PBXBuildFile; fileRef = 850C5AD81E545656007D541D /* UserCell.swift */; };
		850C5ADB1E545676007D541D /* Assets.xcassets in Resources */ = {isa = PBXBuildFile; fileRef = 850C5ADA1E545676007D541D /* Assets.xcassets */; };
		850C5AE51E54574E007D541D /* AppDelegate.swift in Sources */ = {isa = PBXBuildFile; fileRef = 850C5AE01E54574E007D541D /* AppDelegate.swift */; };
		850C5AE61E54574E007D541D /* CircleView.swift in Sources */ = {isa = PBXBuildFile; fileRef = 850C5AE11E54574E007D541D /* CircleView.swift */; };
		850C5AE71E54574E007D541D /* FancyView.swift in Sources */ = {isa = PBXBuildFile; fileRef = 850C5AE21E54574E007D541D /* FancyView.swift */; };
		850C5AE81E54574E007D541D /* GoogleService-Info.plist in Resources */ = {isa = PBXBuildFile; fileRef = 850C5AE31E54574E007D541D /* GoogleService-Info.plist */; };
		850C5AEC1E5458AB007D541D /* LaunchScreen.storyboard in Resources */ = {isa = PBXBuildFile; fileRef = 850C5AEA1E5458AB007D541D /* LaunchScreen.storyboard */; };
		850C5AEF1E5458B5007D541D /* Main.storyboard in Resources */ = {isa = PBXBuildFile; fileRef = 850C5AED1E5458B5007D541D /* Main.storyboard */; };
		857410191E546C78001F93C1 /* UploadPhotoViewController.swift in Sources */ = {isa = PBXBuildFile; fileRef = 857410181E546C78001F93C1 /* UploadPhotoViewController.swift */; };
		8574101B1E55966E001F93C1 /* PostCell.swift in Sources */ = {isa = PBXBuildFile; fileRef = 8574101A1E55966E001F93C1 /* PostCell.swift */; };
		8574101D1E55C2D5001F93C1 /* Post.swift in Sources */ = {isa = PBXBuildFile; fileRef = 8574101C1E55C2D5001F93C1 /* Post.swift */; };
		8574101F1E55C4CC001F93C1 /* FeedViewController.swift in Sources */ = {isa = PBXBuildFile; fileRef = 8574101E1E55C4CC001F93C1 /* FeedViewController.swift */; };
		857410211E574161001F93C1 /* RoundBtn.swift in Sources */ = {isa = PBXBuildFile; fileRef = 857410201E574161001F93C1 /* RoundBtn.swift */; };
		857410231E5744A3001F93C1 /* SetUPViewController.swift in Sources */ = {isa = PBXBuildFile; fileRef = 857410221E5744A3001F93C1 /* SetUPViewController.swift */; };
		857410301E57498E001F93C1 /* Bolts.framework in Frameworks */ = {isa = PBXBuildFile; fileRef = 8574102C1E57498E001F93C1 /* Bolts.framework */; };
		857410311E57498E001F93C1 /* FBSDKCoreKit.framework in Frameworks */ = {isa = PBXBuildFile; fileRef = 8574102D1E57498E001F93C1 /* FBSDKCoreKit.framework */; };
		857410321E57498E001F93C1 /* FBSDKLoginKit.framework in Frameworks */ = {isa = PBXBuildFile; fileRef = 8574102E1E57498E001F93C1 /* FBSDKLoginKit.framework */; };
		857410331E57498E001F93C1 /* FBSDKShareKit.framework in Frameworks */ = {isa = PBXBuildFile; fileRef = 8574102F1E57498E001F93C1 /* FBSDKShareKit.framework */; };
		857410361E574D91001F93C1 /* DataService.swift in Sources */ = {isa = PBXBuildFile; fileRef = 857410341E574D91001F93C1 /* DataService.swift */; };
		857410371E574D91001F93C1 /* Pets.swift in Sources */ = {isa = PBXBuildFile; fileRef = 857410351E574D91001F93C1 /* Pets.swift */; };
		857410391E574FBC001F93C1 /* WelcomeViewController.swift in Sources */ = {isa = PBXBuildFile; fileRef = 857410381E574FBC001F93C1 /* WelcomeViewController.swift */; };
		8574103B1E576233001F93C1 /* splash.png in Resources */ = {isa = PBXBuildFile; fileRef = 8574103A1E576233001F93C1 /* splash.png */; };
		D04D2731EA70C85B1EC20889 /* Pods_Pets.framework in Frameworks */ = {isa = PBXBuildFile; fileRef = B053188B63224CA5DE8B987C /* Pods_Pets.framework */; };
/* End PBXBuildFile section */

/* Begin PBXFileReference section */
		38FEDBC31DEB513200EF3DFE /* Pets.app */ = {isa = PBXFileReference; explicitFileType = wrapper.application; includeInIndex = 0; path = Pets.app; sourceTree = BUILT_PRODUCTS_DIR; };
		81AD3E7E2D76B83A5F8D3C6E /* Pods-Pets.debug.xcconfig */ = {isa = PBXFileReference; includeInIndex = 1; lastKnownFileType = text.xcconfig; name = "Pods-Pets.debug.xcconfig"; path = "Pods/Target Support Files/Pods-Pets/Pods-Pets.debug.xcconfig"; sourceTree = "<group>"; };
		850C5AD01E5455FB007D541D /* LoginViewController.swift */ = {isa = PBXFileReference; fileEncoding = 4; lastKnownFileType = sourcecode.swift; name = LoginViewController.swift; path = Pets/LoginViewController.swift; sourceTree = SOURCE_ROOT; };
		850C5AD11E5455FB007D541D /* SignupViewController.swift */ = {isa = PBXFileReference; fileEncoding = 4; lastKnownFileType = sourcecode.swift; name = SignupViewController.swift; path = Pets/SignupViewController.swift; sourceTree = SOURCE_ROOT; };
		850C5AD21E5455FB007D541D /* UsersViewController.swift */ = {isa = PBXFileReference; fileEncoding = 4; lastKnownFileType = sourcecode.swift; name = UsersViewController.swift; path = Pets/UsersViewController.swift; sourceTree = SOURCE_ROOT; };
		850C5AD61E545640007D541D /* User.swift */ = {isa = PBXFileReference; fileEncoding = 4; lastKnownFileType = sourcecode.swift; name = User.swift; path = Pets/User.swift; sourceTree = SOURCE_ROOT; };
		850C5AD81E545656007D541D /* UserCell.swift */ = {isa = PBXFileReference; fileEncoding = 4; lastKnownFileType = sourcecode.swift; name = UserCell.swift; path = Pets/UserCell.swift; sourceTree = SOURCE_ROOT; };
		850C5ADA1E545676007D541D /* Assets.xcassets */ = {isa = PBXFileReference; lastKnownFileType = folder.assetcatalog; name = Assets.xcassets; path = Pets/Assets.xcassets; sourceTree = SOURCE_ROOT; };
		850C5AE01E54574E007D541D /* AppDelegate.swift */ = {isa = PBXFileReference; fileEncoding = 4; lastKnownFileType = sourcecode.swift; name = AppDelegate.swift; path = Pets/AppDelegate.swift; sourceTree = SOURCE_ROOT; };
		850C5AE11E54574E007D541D /* CircleView.swift */ = {isa = PBXFileReference; fileEncoding = 4; lastKnownFileType = sourcecode.swift; name = CircleView.swift; path = Pets/CircleView.swift; sourceTree = SOURCE_ROOT; };
		850C5AE21E54574E007D541D /* FancyView.swift */ = {isa = PBXFileReference; fileEncoding = 4; lastKnownFileType = sourcecode.swift; name = FancyView.swift; path = Pets/FancyView.swift; sourceTree = SOURCE_ROOT; };
		850C5AE31E54574E007D541D /* GoogleService-Info.plist */ = {isa = PBXFileReference; fileEncoding = 4; lastKnownFileType = text.plist.xml; name = "GoogleService-Info.plist"; path = "Pets/GoogleService-Info.plist"; sourceTree = SOURCE_ROOT; };
		850C5AE41E54574E007D541D /* Info.plist */ = {isa = PBXFileReference; fileEncoding = 4; lastKnownFileType = text.plist.xml; name = Info.plist; path = Pets/Info.plist; sourceTree = SOURCE_ROOT; };
		850C5AEB1E5458AB007D541D /* Base */ = {isa = PBXFileReference; lastKnownFileType = file.storyboard; name = Base; path = Pets/Base.lproj/LaunchScreen.storyboard; sourceTree = SOURCE_ROOT; };
		850C5AEE1E5458B5007D541D /* Base */ = {isa = PBXFileReference; lastKnownFileType = file.storyboard; name = Base; path = Pets/Base.lproj/Main.storyboard; sourceTree = SOURCE_ROOT; };
		857410181E546C78001F93C1 /* UploadPhotoViewController.swift */ = {isa = PBXFileReference; fileEncoding = 4; lastKnownFileType = sourcecode.swift; path = UploadPhotoViewController.swift; sourceTree = SOURCE_ROOT; };
		8574101A1E55966E001F93C1 /* PostCell.swift */ = {isa = PBXFileReference; fileEncoding = 4; lastKnownFileType = sourcecode.swift; path = PostCell.swift; sourceTree = SOURCE_ROOT; };
		8574101C1E55C2D5001F93C1 /* Post.swift */ = {isa = PBXFileReference; fileEncoding = 4; lastKnownFileType = sourcecode.swift; path = Post.swift; sourceTree = SOURCE_ROOT; };
		8574101E1E55C4CC001F93C1 /* FeedViewController.swift */ = {isa = PBXFileReference; fileEncoding = 4; lastKnownFileType = sourcecode.swift; path = FeedViewController.swift; sourceTree = SOURCE_ROOT; };
		857410201E574161001F93C1 /* RoundBtn.swift */ = {isa = PBXFileReference; fileEncoding = 4; lastKnownFileType = sourcecode.swift; path = RoundBtn.swift; sourceTree = SOURCE_ROOT; };
		857410221E5744A3001F93C1 /* SetUPViewController.swift */ = {isa = PBXFileReference; fileEncoding = 4; lastKnownFileType = sourcecode.swift; path = SetUPViewController.swift; sourceTree = SOURCE_ROOT; };
		8574102C1E57498E001F93C1 /* Bolts.framework */ = {isa = PBXFileReference; lastKnownFileType = wrapper.framework; path = Bolts.framework; sourceTree = "<group>"; };
		8574102D1E57498E001F93C1 /* FBSDKCoreKit.framework */ = {isa = PBXFileReference; lastKnownFileType = wrapper.framework; path = FBSDKCoreKit.framework; sourceTree = "<group>"; };
		8574102E1E57498E001F93C1 /* FBSDKLoginKit.framework */ = {isa = PBXFileReference; lastKnownFileType = wrapper.framework; path = FBSDKLoginKit.framework; sourceTree = "<group>"; };
		8574102F1E57498E001F93C1 /* FBSDKShareKit.framework */ = {isa = PBXFileReference; lastKnownFileType = wrapper.framework; path = FBSDKShareKit.framework; sourceTree = "<group>"; };
		857410341E574D91001F93C1 /* DataService.swift */ = {isa = PBXFileReference; fileEncoding = 4; lastKnownFileType = sourcecode.swift; path = DataService.swift; sourceTree = SOURCE_ROOT; };
		857410351E574D91001F93C1 /* Pets.swift */ = {isa = PBXFileReference; fileEncoding = 4; lastKnownFileType = sourcecode.swift; path = Pets.swift; sourceTree = SOURCE_ROOT; };
		857410381E574FBC001F93C1 /* WelcomeViewController.swift */ = {isa = PBXFileReference; fileEncoding = 4; lastKnownFileType = sourcecode.swift; path = WelcomeViewController.swift; sourceTree = SOURCE_ROOT; };
		8574103A1E576233001F93C1 /* splash.png */ = {isa = PBXFileReference; lastKnownFileType = image.png; name = splash.png; path = Pets/Assets.xcassets/splash.png; sourceTree = SOURCE_ROOT; };
		B053188B63224CA5DE8B987C /* Pods_Pets.framework */ = {isa = PBXFileReference; explicitFileType = wrapper.framework; includeInIndex = 0; path = Pods_Pets.framework; sourceTree = BUILT_PRODUCTS_DIR; };
		B26C511E9B41D0C70CEA493F /* Pods-Pets.release.xcconfig */ = {isa = PBXFileReference; includeInIndex = 1; lastKnownFileType = text.xcconfig; name = "Pods-Pets.release.xcconfig"; path = "Pods/Target Support Files/Pods-Pets/Pods-Pets.release.xcconfig"; sourceTree = "<group>"; };
/* End PBXFileReference section */

/* Begin PBXFrameworksBuildPhase section */
		38FEDBC01DEB513200EF3DFE /* Frameworks */ = {
			isa = PBXFrameworksBuildPhase;
			buildActionMask = 2147483647;
			files = (
				D04D2731EA70C85B1EC20889 /* Pods_Pets.framework in Frameworks */,
				857410311E57498E001F93C1 /* FBSDKCoreKit.framework in Frameworks */,
				857410331E57498E001F93C1 /* FBSDKShareKit.framework in Frameworks */,
				857410321E57498E001F93C1 /* FBSDKLoginKit.framework in Frameworks */,
				857410301E57498E001F93C1 /* Bolts.framework in Frameworks */,
			);
			runOnlyForDeploymentPostprocessing = 0;
		};
/* End PBXFrameworksBuildPhase section */

/* Begin PBXGroup section */
		3848DFE01DEE23D000F4A37E /* View Controllers */ = {
			isa = PBXGroup;
			children = (
				850C5AD01E5455FB007D541D /* LoginViewController.swift */,
				850C5AD11E5455FB007D541D /* SignupViewController.swift */,
				850C5AD21E5455FB007D541D /* UsersViewController.swift */,
				857410181E546C78001F93C1 /* UploadPhotoViewController.swift */,
				8574101E1E55C4CC001F93C1 /* FeedViewController.swift */,
				857410221E5744A3001F93C1 /* SetUPViewController.swift */,
				857410381E574FBC001F93C1 /* WelcomeViewController.swift */,
			);
			name = "View Controllers";
			sourceTree = "<group>";
		};
		3848DFE11DEE23DE00F4A37E /* Custom Cell */ = {
			isa = PBXGroup;
			children = (
				850C5AD81E545656007D541D /* UserCell.swift */,
				8574101A1E55966E001F93C1 /* PostCell.swift */,
			);
			name = "Custom Cell";
			sourceTree = "<group>";
		};
		3848DFE21DEE23EE00F4A37E /* Objects */ = {
			isa = PBXGroup;
			children = (
				850C5AD61E545640007D541D /* User.swift */,
				8574101C1E55C2D5001F93C1 /* Post.swift */,
			);
			name = Objects;
			sourceTree = "<group>";
		};
		38FEDBBA1DEB513200EF3DFE = {
			isa = PBXGroup;
			children = (
				38FEDBC51DEB513200EF3DFE /* Pets */,
				38FEDBC41DEB513200EF3DFE /* Products */,
				E19AFDA199BB29318405C7E7 /* Pods */,
				723D15F49C4CBF343E7826B5 /* Frameworks */,
			);
			sourceTree = "<group>";
		};
		38FEDBC41DEB513200EF3DFE /* Products */ = {
			isa = PBXGroup;
			children = (
				38FEDBC31DEB513200EF3DFE /* Pets.app */,
			);
			name = Products;
			sourceTree = "<group>";
		};
		38FEDBC51DEB513200EF3DFE /* Pets */ = {
			isa = PBXGroup;
			children = (
				850C5AF01E5458E5007D541D /* Tweaks */,
				3848DFE21DEE23EE00F4A37E /* Objects */,
				3848DFE11DEE23DE00F4A37E /* Custom Cell */,
				3848DFE01DEE23D000F4A37E /* View Controllers */,
				850C5ADA1E545676007D541D /* Assets.xcassets */,
				850C5AE01E54574E007D541D /* AppDelegate.swift */,
				850C5AE31E54574E007D541D /* GoogleService-Info.plist */,
				850C5AE41E54574E007D541D /* Info.plist */,
				8574103A1E576233001F93C1 /* splash.png */,
				850C5AED1E5458B5007D541D /* Main.storyboard */,
				850C5AEA1E5458AB007D541D /* LaunchScreen.storyboard */,
			);
			name = Pets;
			path = InstagramLike;
			sourceTree = "<group>";
		};
		723D15F49C4CBF343E7826B5 /* Frameworks */ = {
			isa = PBXGroup;
			children = (
				8574102C1E57498E001F93C1 /* Bolts.framework */,
				8574102D1E57498E001F93C1 /* FBSDKCoreKit.framework */,
				8574102E1E57498E001F93C1 /* FBSDKLoginKit.framework */,
				8574102F1E57498E001F93C1 /* FBSDKShareKit.framework */,
				B053188B63224CA5DE8B987C /* Pods_Pets.framework */,
			);
			name = Frameworks;
			sourceTree = "<group>";
		};
		850C5AF01E5458E5007D541D /* Tweaks */ = {
			isa = PBXGroup;
			children = (
				857410341E574D91001F93C1 /* DataService.swift */,
				857410351E574D91001F93C1 /* Pets.swift */,
				857410201E574161001F93C1 /* RoundBtn.swift */,
				850C5AE11E54574E007D541D /* CircleView.swift */,
				850C5AE21E54574E007D541D /* FancyView.swift */,
			);
			name = Tweaks;
			sourceTree = "<group>";
		};
		E19AFDA199BB29318405C7E7 /* Pods */ = {
			isa = PBXGroup;
			children = (
				81AD3E7E2D76B83A5F8D3C6E /* Pods-Pets.debug.xcconfig */,
				B26C511E9B41D0C70CEA493F /* Pods-Pets.release.xcconfig */,
			);
			name = Pods;
			sourceTree = "<group>";
		};
/* End PBXGroup section */

/* Begin PBXNativeTarget section */
		38FEDBC21DEB513200EF3DFE /* Pets */ = {
			isa = PBXNativeTarget;
			buildConfigurationList = 38FEDBD51DEB513200EF3DFE /* Build configuration list for PBXNativeTarget "Pets" */;
			buildPhases = (
				6383B3936554840C2D4BC752 /* [CP] Check Pods Manifest.lock */,
				38FEDBBF1DEB513200EF3DFE /* Sources */,
				38FEDBC01DEB513200EF3DFE /* Frameworks */,
				38FEDBC11DEB513200EF3DFE /* Resources */,
				8038F2ADC55BFF10EDD6DC86 /* [CP] Embed Pods Frameworks */,
				E033FAEBBC314F93140B76C3 /* [CP] Copy Pods Resources */,
			);
			buildRules = (
			);
			dependencies = (
			);
			name = Pets;
			productName = InstagramLike;
			productReference = 38FEDBC31DEB513200EF3DFE /* Pets.app */;
			productType = "com.apple.product-type.application";
		};
/* End PBXNativeTarget section */

/* Begin PBXProject section */
		38FEDBBB1DEB513200EF3DFE /* Project object */ = {
			isa = PBXProject;
			attributes = {
				LastSwiftUpdateCheck = 0810;
				LastUpgradeCheck = 0820;
				ORGANIZATIONNAME = "Vasil Nunev";
				TargetAttributes = {
					38FEDBC21DEB513200EF3DFE = {
						CreatedOnToolsVersion = 8.1;
						DevelopmentTeam = GUJHFYRL49;
						ProvisioningStyle = Automatic;
					};
				};
			};
			buildConfigurationList = 38FEDBBE1DEB513200EF3DFE /* Build configuration list for PBXProject "Pets" */;
			compatibilityVersion = "Xcode 3.2";
			developmentRegion = English;
			hasScannedForEncodings = 0;
			knownRegions = (
				en,
				Base,
			);
			mainGroup = 38FEDBBA1DEB513200EF3DFE;
			productRefGroup = 38FEDBC41DEB513200EF3DFE /* Products */;
			projectDirPath = "";
			projectRoot = "";
			targets = (
				38FEDBC21DEB513200EF3DFE /* Pets */,
			);
		};
/* End PBXProject section */

/* Begin PBXResourcesBuildPhase section */
		38FEDBC11DEB513200EF3DFE /* Resources */ = {
			isa = PBXResourcesBuildPhase;
			buildActionMask = 2147483647;
			files = (
				850C5AEC1E5458AB007D541D /* LaunchScreen.storyboard in Resources */,
				850C5AE81E54574E007D541D /* GoogleService-Info.plist in Resources */,
				850C5ADB1E545676007D541D /* Assets.xcassets in Resources */,
				850C5AEF1E5458B5007D541D /* Main.storyboard in Resources */,
				8574103B1E576233001F93C1 /* splash.png in Resources */,
			);
			runOnlyForDeploymentPostprocessing = 0;
		};
/* End PBXResourcesBuildPhase section */

/* Begin PBXShellScriptBuildPhase section */
		6383B3936554840C2D4BC752 /* [CP] Check Pods Manifest.lock */ = {
			isa = PBXShellScriptBuildPhase;
			buildActionMask = 2147483647;
			files = (
			);
			inputPaths = (
			);
			name = "[CP] Check Pods Manifest.lock";
			outputPaths = (
			);
			runOnlyForDeploymentPostprocessing = 0;
			shellPath = /bin/sh;
			shellScript = "diff \"${PODS_ROOT}/../Podfile.lock\" \"${PODS_ROOT}/Manifest.lock\" > /dev/null\nif [ $? != 0 ] ; then\n    # print error to STDERR\n    echo \"error: The sandbox is not in sync with the Podfile.lock. Run 'pod install' or update your CocoaPods installation.\" >&2\n    exit 1\nfi\n";
			showEnvVarsInLog = 0;
		};
		8038F2ADC55BFF10EDD6DC86 /* [CP] Embed Pods Frameworks */ = {
			isa = PBXShellScriptBuildPhase;
			buildActionMask = 2147483647;
			files = (
			);
			inputPaths = (
			);
			name = "[CP] Embed Pods Frameworks";
			outputPaths = (
			);
			runOnlyForDeploymentPostprocessing = 0;
			shellPath = /bin/sh;
			shellScript = "\"${SRCROOT}/Pods/Target Support Files/Pods-Pets/Pods-Pets-frameworks.sh\"\n";
			showEnvVarsInLog = 0;
		};
		E033FAEBBC314F93140B76C3 /* [CP] Copy Pods Resources */ = {
			isa = PBXShellScriptBuildPhase;
			buildActionMask = 2147483647;
			files = (
			);
			inputPaths = (
			);
			name = "[CP] Copy Pods Resources";
			outputPaths = (
			);
			runOnlyForDeploymentPostprocessing = 0;
			shellPath = /bin/sh;
			shellScript = "\"${SRCROOT}/Pods/Target Support Files/Pods-Pets/Pods-Pets-resources.sh\"\n";
			showEnvVarsInLog = 0;
		};
/* End PBXShellScriptBuildPhase section */

/* Begin PBXSourcesBuildPhase section */
		38FEDBBF1DEB513200EF3DFE /* Sources */ = {
			isa = PBXSourcesBuildPhase;
			buildActionMask = 2147483647;
			files = (
				850C5AE51E54574E007D541D /* AppDelegate.swift in Sources */,
				857410371E574D91001F93C1 /* Pets.swift in Sources */,
				8574101D1E55C2D5001F93C1 /* Post.swift in Sources */,
				857410191E546C78001F93C1 /* UploadPhotoViewController.swift in Sources */,
				850C5AD91E545656007D541D /* UserCell.swift in Sources */,
				857410391E574FBC001F93C1 /* WelcomeViewController.swift in Sources */,
				850C5AD31E5455FB007D541D /* LoginViewController.swift in Sources */,
				850C5AD41E5455FB007D541D /* SignupViewController.swift in Sources */,
				850C5AD51E5455FB007D541D /* UsersViewController.swift in Sources */,
				850C5AE61E54574E007D541D /* CircleView.swift in Sources */,
				850C5AE71E54574E007D541D /* FancyView.swift in Sources */,
				857410361E574D91001F93C1 /* DataService.swift in Sources */,
				850C5AD71E545640007D541D /* User.swift in Sources */,
				857410211E574161001F93C1 /* RoundBtn.swift in Sources */,
				8574101F1E55C4CC001F93C1 /* FeedViewController.swift in Sources */,
				857410231E5744A3001F93C1 /* SetUPViewController.swift in Sources */,
				8574101B1E55966E001F93C1 /* PostCell.swift in Sources */,
			);
			runOnlyForDeploymentPostprocessing = 0;
		};
/* End PBXSourcesBuildPhase section */

/* Begin PBXVariantGroup section */
		850C5AEA1E5458AB007D541D /* LaunchScreen.storyboard */ = {
			isa = PBXVariantGroup;
			children = (
				850C5AEB1E5458AB007D541D /* Base */,
			);
			name = LaunchScreen.storyboard;
			sourceTree = "<group>";
		};
		850C5AED1E5458B5007D541D /* Main.storyboard */ = {
			isa = PBXVariantGroup;
			children = (
				850C5AEE1E5458B5007D541D /* Base */,
			);
			name = Main.storyboard;
			sourceTree = "<group>";
		};
/* End PBXVariantGroup section */

/* Begin XCBuildConfiguration section */
		38FEDBD31DEB513200EF3DFE /* Debug */ = {
			isa = XCBuildConfiguration;
			buildSettings = {
				ALWAYS_SEARCH_USER_PATHS = NO;
				CLANG_ANALYZER_NONNULL = YES;
				CLANG_CXX_LANGUAGE_STANDARD = "gnu++0x";
				CLANG_CXX_LIBRARY = "libc++";
				CLANG_ENABLE_MODULES = YES;
				CLANG_ENABLE_OBJC_ARC = YES;
				CLANG_WARN_BOOL_CONVERSION = YES;
				CLANG_WARN_CONSTANT_CONVERSION = YES;
				CLANG_WARN_DIRECT_OBJC_ISA_USAGE = YES_ERROR;
				CLANG_WARN_DOCUMENTATION_COMMENTS = YES;
				CLANG_WARN_EMPTY_BODY = YES;
				CLANG_WARN_ENUM_CONVERSION = YES;
				CLANG_WARN_INFINITE_RECURSION = YES;
				CLANG_WARN_INT_CONVERSION = YES;
				CLANG_WARN_OBJC_ROOT_CLASS = YES_ERROR;
				CLANG_WARN_SUSPICIOUS_MOVE = YES;
				CLANG_WARN_SUSPICIOUS_MOVES = YES;
				CLANG_WARN_UNREACHABLE_CODE = YES;
				CLANG_WARN__DUPLICATE_METHOD_MATCH = YES;
				"CODE_SIGN_IDENTITY[sdk=iphoneos*]" = "iPhone Developer";
				COPY_PHASE_STRIP = NO;
				DEBUG_INFORMATION_FORMAT = dwarf;
				ENABLE_STRICT_OBJC_MSGSEND = YES;
				ENABLE_TESTABILITY = YES;
				GCC_C_LANGUAGE_STANDARD = gnu99;
				GCC_DYNAMIC_NO_PIC = NO;
				GCC_NO_COMMON_BLOCKS = YES;
				GCC_OPTIMIZATION_LEVEL = 0;
				GCC_PREPROCESSOR_DEFINITIONS = (
					"DEBUG=1",
					"$(inherited)",
				);
				GCC_WARN_64_TO_32_BIT_CONVERSION = YES;
				GCC_WARN_ABOUT_RETURN_TYPE = YES_ERROR;
				GCC_WARN_UNDECLARED_SELECTOR = YES;
				GCC_WARN_UNINITIALIZED_AUTOS = YES_AGGRESSIVE;
				GCC_WARN_UNUSED_FUNCTION = YES;
				GCC_WARN_UNUSED_VARIABLE = YES;
				IPHONEOS_DEPLOYMENT_TARGET = 10.1;
				MTL_ENABLE_DEBUG_INFO = YES;
				ONLY_ACTIVE_ARCH = YES;
				SDKROOT = iphoneos;
				SWIFT_ACTIVE_COMPILATION_CONDITIONS = DEBUG;
				SWIFT_OPTIMIZATION_LEVEL = "-Onone";
				TARGETED_DEVICE_FAMILY = "1,2";
			};
			name = Debug;
		};
		38FEDBD41DEB513200EF3DFE /* Release */ = {
			isa = XCBuildConfiguration;
			buildSettings = {
				ALWAYS_SEARCH_USER_PATHS = NO;
				CLANG_ANALYZER_NONNULL = YES;
				CLANG_CXX_LANGUAGE_STANDARD = "gnu++0x";
				CLANG_CXX_LIBRARY = "libc++";
				CLANG_ENABLE_MODULES = YES;
				CLANG_ENABLE_OBJC_ARC = YES;
				CLANG_WARN_BOOL_CONVERSION = YES;
				CLANG_WARN_CONSTANT_CONVERSION = YES;
				CLANG_WARN_DIRECT_OBJC_ISA_USAGE = YES_ERROR;
				CLANG_WARN_DOCUMENTATION_COMMENTS = YES;
				CLANG_WARN_EMPTY_BODY = YES;
				CLANG_WARN_ENUM_CONVERSION = YES;
				CLANG_WARN_INFINITE_RECURSION = YES;
				CLANG_WARN_INT_CONVERSION = YES;
				CLANG_WARN_OBJC_ROOT_CLASS = YES_ERROR;
				CLANG_WARN_SUSPICIOUS_MOVE = YES;
				CLANG_WARN_SUSPICIOUS_MOVES = YES;
				CLANG_WARN_UNREACHABLE_CODE = YES;
				CLANG_WARN__DUPLICATE_METHOD_MATCH = YES;
				"CODE_SIGN_IDENTITY[sdk=iphoneos*]" = "iPhone Developer";
				COPY_PHASE_STRIP = NO;
				DEBUG_INFORMATION_FORMAT = "dwarf-with-dsym";
				ENABLE_NS_ASSERTIONS = NO;
				ENABLE_STRICT_OBJC_MSGSEND = YES;
				GCC_C_LANGUAGE_STANDARD = gnu99;
				GCC_NO_COMMON_BLOCKS = YES;
				GCC_WARN_64_TO_32_BIT_CONVERSION = YES;
				GCC_WARN_ABOUT_RETURN_TYPE = YES_ERROR;
				GCC_WARN_UNDECLARED_SELECTOR = YES;
				GCC_WARN_UNINITIALIZED_AUTOS = YES_AGGRESSIVE;
				GCC_WARN_UNUSED_FUNCTION = YES;
				GCC_WARN_UNUSED_VARIABLE = YES;
				IPHONEOS_DEPLOYMENT_TARGET = 10.1;
				MTL_ENABLE_DEBUG_INFO = NO;
				SDKROOT = iphoneos;
				SWIFT_OPTIMIZATION_LEVEL = "-Owholemodule";
				TARGETED_DEVICE_FAMILY = "1,2";
				VALIDATE_PRODUCT = YES;
			};
			name = Release;
		};
		38FEDBD61DEB513200EF3DFE /* Debug */ = {
			isa = XCBuildConfiguration;
			baseConfigurationReference = 81AD3E7E2D76B83A5F8D3C6E /* Pods-Pets.debug.xcconfig */;
			buildSettings = {
				ASSETCATALOG_COMPILER_APPICON_NAME = AppIcon;
				DEVELOPMENT_TEAM = GUJHFYRL49;
				FRAMEWORK_SEARCH_PATHS = (
					"$(inherited)",
					"$(PROJECT_DIR)",
				);
				INFOPLIST_FILE = "$(SRCROOT)/Pets/Info.plist";
				LD_RUNPATH_SEARCH_PATHS = "$(inherited) @executable_path/Frameworks";
				PRODUCT_BUNDLE_IDENTIFIER = net.elmunei.Pets;
				PRODUCT_NAME = "$(TARGET_NAME)";
				SWIFT_VERSION = 3.0;
			};
			name = Debug;
		};
		38FEDBD71DEB513200EF3DFE /* Release */ = {
			isa = XCBuildConfiguration;
			baseConfigurationReference = B26C511E9B41D0C70CEA493F /* Pods-Pets.release.xcconfig */;
			buildSettings = {
				ASSETCATALOG_COMPILER_APPICON_NAME = AppIcon;
				DEVELOPMENT_TEAM = GUJHFYRL49;
				FRAMEWORK_SEARCH_PATHS = (
					"$(inherited)",
					"$(PROJECT_DIR)",
				);
				INFOPLIST_FILE = "$(SRCROOT)/Pets/Info.plist";
				LD_RUNPATH_SEARCH_PATHS = "$(inherited) @executable_path/Frameworks";
				PRODUCT_BUNDLE_IDENTIFIER = net.elmunei.Pets;
				PRODUCT_NAME = "$(TARGET_NAME)";
				SWIFT_VERSION = 3.0;
			};
			name = Release;
		};
/* End XCBuildConfiguration section */

/* Begin XCConfigurationList section */
		38FEDBBE1DEB513200EF3DFE /* Build configuration list for PBXProject "Pets" */ = {
			isa = XCConfigurationList;
			buildConfigurations = (
				38FEDBD31DEB513200EF3DFE /* Debug */,
				38FEDBD41DEB513200EF3DFE /* Release */,
			);
			defaultConfigurationIsVisible = 0;
			defaultConfigurationName = Release;
		};
		38FEDBD51DEB513200EF3DFE /* Build configuration list for PBXNativeTarget "Pets" */ = {
			isa = XCConfigurationList;
			buildConfigurations = (
				38FEDBD61DEB513200EF3DFE /* Debug */,
				38FEDBD71DEB513200EF3DFE /* Release */,
			);
			defaultConfigurationIsVisible = 0;
			defaultConfigurationName = Release;
		};
/* End XCConfigurationList section */
	};
	rootObject = 38FEDBBB1DEB513200EF3DFE /* Project object */;
}
